
Microsoft Visual Studio Solution File, Format Version 12.00
# Visual Studio Version 17
VisualStudioVersion = 17.2.32630.192
MinimumVisualStudioVersion = 10.0.40219.1
Project("{FAE04EC0-301F-11D3-BF4B-00C04F79EFBC}") = "CustomTestRunner", "CustomTestRunner\CustomTestRunner.csproj", "{19BD64DF-A2E0-474F-9955-E7409314FCC3}"
EndProject
Global
	GlobalSection(SolutionConfigurationPlatforms) = preSolution
		Debug|Any CPU = Debug|Any CPU
		Release|Any CPU = Release|Any CPU
	EndGlobalSection
	GlobalSection(ProjectConfigurationPlatforms) = postSolution
		{19BD64DF-A2E0-474F-9955-E7409314FCC3}.Debug|Any CPU.ActiveCfg = Debug|Any CPU
		{19BD64DF-A2E0-474F-9955-E7409314FCC3}.Debug|Any CPU.Build.0 = Debug|Any CPU
		{19BD64DF-A2E0-474F-9955-E7409314FCC3}.Release|Any CPU.ActiveCfg = Release|Any CPU
		{19BD64DF-A2E0-474F-9955-E7409314FCC3}.Release|Any CPU.Build.0 = Release|Any CPU
	EndGlobalSection
	GlobalSection(SolutionProperties) = preSolution
		HideSolutionNode = FALSE
	EndGlobalSection
	GlobalSection(ExtensibilityGlobals) = postSolution
		SolutionGuid = {A6A98BF9-353E-4C99-96A2-D551BD3A5F12}
	EndGlobalSection
EndGlobal
